<?xml version="1.0" encoding="utf-8"?>
<Project ToolsVersion="4.0" xmlns="http://schemas.microsoft.com/developer/msbuild/2003">
  <ItemGroup>
    <Filter Include="Source Files">
      <UniqueIdentifier>{4FC737F1-C7A5-4376-A066-2A32D752A2FF}</UniqueIdentifier>
      <Extensions>cpp;c;cc;cxx;c++;cppm;ixx;def;odl;idl;hpj;bat;asm;asmx</Extensions>
    </Filter>
    <Filter Include="Header Files">
      <UniqueIdentifier>{93995380-89BD-4b04-88EB-625FBE52EBFB}</UniqueIdentifier>
      <Extensions>h;hh;hpp;hxx;h++;hm;inl;inc;ipp;xsd</Extensions>
    </Filter>
    <Filter Include="Resource Files">
      <UniqueIdentifier>{67DA6AB6-F800-4c08-8B7A-83BB121AAD01}</UniqueIdentifier>
      <Extensions>rc;ico;cur;bmp;dlg;rc2;rct;bin;rgs;gif;jpg;jpeg;jpe;resx;tiff;tif;png;wav;mfcribbon-ms</Extensions>
    </Filter>
    <Filter Include="Header Files\details">
      <UniqueIdentifier>{e2a06c0b-70fd-40d0-8c04-88aa48ae04a7}</UniqueIdentifier>
    </Filter>
    <Filter Include="Header Files\details\list">
      <UniqueIdentifier>{155a372f-2e9a-4105-a678-a5380d0d7f93}</UniqueIdentifier>
    </Filter>
    <Filter Include="Header Files\details\list\double_linked">
      <UniqueIdentifier>{ba58cec7-4a54-4cfb-af8e-4411b3267231}</UniqueIdentifier>
    </Filter>
    <Filter Include="Header Files\list">
      <UniqueIdentifier>{dda94e37-519c-471e-9da5-a7e98d94d89e}</UniqueIdentifier>
    </Filter>
    <Filter Include="Header Files\list\double_linked">
      <UniqueIdentifier>{142aa22f-e9ef-46b9-8d0e-dd4a1ea648c5}</UniqueIdentifier>
    </Filter>
    <Filter Include="Source Files\c">
      <UniqueIdentifier>{2d275361-00d7-4674-ace9-6dbd63bbea6b}</UniqueIdentifier>
    </Filter>
    <Filter Include="Source Files\c\details">
      <UniqueIdentifier>{6bbd623d-44f6-42da-8a15-32add9a4730e}</UniqueIdentifier>
    </Filter>
    <Filter Include="Source Files\c\details\list">
      <UniqueIdentifier>{c0a1dd5d-8b17-4ab1-b26c-6e10ca652093}</UniqueIdentifier>
    </Filter>
    <Filter Include="Source Files\c\list">
      <UniqueIdentifier>{4b32eeb2-5fb9-4206-9222-f5f18922a660}</UniqueIdentifier>
    </Filter>
  </ItemGroup>
  <ItemGroup>
    <ClInclude Include="..\..\..\..\include\structure\details\list\double_linked\dlist_init.h">
      <Filter>Header Files\details\list\double_linked</Filter>
    </ClInclude>
    <ClInclude Include="..\..\..\..\include\structure\details\list\double_linked\dlist_manip.h">
      <Filter>Header Files\details\list\double_linked</Filter>
    </ClInclude>
    <ClInclude Include="..\..\..\..\include\structure\details\list\double_linked\dlist_types.h">
      <Filter>Header Files\details\list\double_linked</Filter>
    </ClInclude>
    <ClInclude Include="..\..\..\..\include\structure\list\double_linked\double_linked_init.h">
      <Filter>Header Files\list\double_linked</Filter>
    </ClInclude>
    <ClInclude Include="..\..\..\..\include\structure\list\double_linked\double_linked_manip.h">
      <Filter>Header Files\list\double_linked</Filter>
    </ClInclude>
    <ClInclude Include="..\..\..\..\include\structure\list\double_linked\double_linked_node.h">
      <Filter>Header Files\list\double_linked</Filter>
    </ClInclude>
    <ClInclude Include="..\..\..\..\include\structure\list\double_linked\double_linked_type.h">
      <Filter>Header Files\list\double_linked</Filter>
    </ClInclude>
    <ClInclude Include="..\..\..\..\include\structure\list\double_linked.h">
      <Filter>Header Files\list</Filter>
    </ClInclude>
  </ItemGroup>
  <ItemGroup>
    <ClCompile Include="..\..\..\..\source\c\details\list\dlist_manip.c">
      <Filter>Source Files\c\details\list</Filter>
    </ClCompile>
    <ClCompile Include="..\..\..\..\source\c\details\list\dlist_init.c">
      <Filter>Source Files\c\details\list</Filter>
    </ClCompile>
    <ClCompile Include="..\..\..\..\source\c\list\dlist.c">
      <Filter>Source Files\c\list</Filter>
    </ClCompile>
  </ItemGroup>
</Project>